// !$*UTF8*$!
{
	archiveVersion = 1;
	classes = {
	};
	objectVersion = 54;
	objects = {

/* Begin PBXBuildFile section */
		008FBA162A19FBAD00797EE6 /* GoogleService-Info.plist in Resources */ = {isa = PBXBuildFile; fileRef = 008FBA152A19FBAD00797EE6 /* GoogleService-Info.plist */; };
		008FBA1C2A19FC0D00797EE6 /* UIImage+TFLite.swift in Sources */ = {isa = PBXBuildFile; fileRef = 008FBA172A19FC0D00797EE6 /* UIImage+TFLite.swift */; };
		008FBA1D2A19FC0D00797EE6 /* MLKitViewController.swift in Sources */ = {isa = PBXBuildFile; fileRef = 008FBA182A19FC0D00797EE6 /* MLKitViewController.swift */; };
		008FBA1E2A19FC0D00797EE6 /* SwiftMlkitPlugin.swift in Sources */ = {isa = PBXBuildFile; fileRef = 008FBA192A19FC0D00797EE6 /* SwiftMlkitPlugin.swift */; };
		008FBA1F2A19FC0D00797EE6 /* DetectViewModel.swift in Sources */ = {isa = PBXBuildFile; fileRef = 008FBA1A2A19FC0D00797EE6 /* DetectViewModel.swift */; };
		008FBA202A19FC0D00797EE6 /* MLKitViewController.xib in Resources */ = {isa = PBXBuildFile; fileRef = 008FBA1B2A19FC0D00797EE6 /* MLKitViewController.xib */; };
		1498D2341E8E89220040F4C2 /* GeneratedPluginRegistrant.m in Sources */ = {isa = PBXBuildFile; fileRef = 1498D2331E8E89220040F4C2 /* GeneratedPluginRegistrant.m */; };
		3B3967161E833CAA004F5970 /* AppFrameworkInfo.plist in Resources */ = {isa = PBXBuildFile; fileRef = 3B3967151E833CAA004F5970 /* AppFrameworkInfo.plist */; };
		44A59A842B7A278C005DF7C7 /* FBSDKLoginKit.xcframework in Frameworks */ = {isa = PBXBuildFile; fileRef = 44F002482B6290C000790802 /* FBSDKLoginKit.xcframework */; };
		44A993622AD02F820090149D /* FBAEMKit.xcframework in Frameworks */ = {isa = PBXBuildFile; fileRef = 008FBA122A19FAB500797EE6 /* FBAEMKit.xcframework */; };
		44E81A942CF73AE100E80552 /* PaymentViewController.swift in Sources */ = {isa = PBXBuildFile; fileRef = 44E81A922CF73AE100E80552 /* PaymentViewController.swift */; };
		44E81A952CF73AE100E80552 /* PaymentViewController.xib in Resources */ = {isa = PBXBuildFile; fileRef = 44E81A932CF73AE100E80552 /* PaymentViewController.xib */; };
		74858FAF1ED2DC5600515810 /* AppDelegate.swift in Sources */ = {isa = PBXBuildFile; fileRef = 74858FAE1ED2DC5600515810 /* AppDelegate.swift */; };
		97C146FC1CF9000F007C117D /* Main.storyboard in Resources */ = {isa = PBXBuildFile; fileRef = 97C146FA1CF9000F007C117D /* Main.storyboard */; };
		97C146FE1CF9000F007C117D /* Assets.xcassets in Resources */ = {isa = PBXBuildFile; fileRef = 97C146FD1CF9000F007C117D /* Assets.xcassets */; };
		97C147011CF9000F007C117D /* LaunchScreen.storyboard in Resources */ = {isa = PBXBuildFile; fileRef = 97C146FF1CF9000F007C117D /* LaunchScreen.storyboard */; };
		BA811CF12A1CB2040000E59D /* Classes in Resources */ = {isa = PBXBuildFile; fileRef = BA811CF02A1CB2030000E59D /* Classes */; };
		BCEA72B42F4BC4B5964D23C6 /* Pods_Runner.framework in Frameworks */ = {isa = PBXBuildFile; fileRef = 63280A4B8FCF5CD4EFAD9857 /* Pods_Runner.framework */; };
/* End PBXBuildFile section */

/* Begin PBXCopyFilesBuildPhase section */
		008FBA3E2A1A0B4E00797EE6 /* Embed Foundation Extensions */ = {
			isa = PBXCopyFilesBuildPhase;
			buildActionMask = 12;
			dstPath = "";
			dstSubfolderSpec = 13;
			files = (
			);
			name = "Embed Foundation Extensions";
			runOnlyForDeploymentPostprocessing = 0;
		};
/* End PBXCopyFilesBuildPhase section */

/* Begin PBXFileReference section */
		008FBA122A19FAB500797EE6 /* FBAEMKit.xcframework */ = {isa = PBXFileReference; lastKnownFileType = wrapper.xcframework; name = FBAEMKit.xcframework; path = Pods/FBAEMKit/XCFrameworks/FBAEMKit.xcframework; sourceTree = "<group>"; };
		008FBA152A19FBAD00797EE6 /* GoogleService-Info.plist */ = {isa = PBXFileReference; fileEncoding = 4; lastKnownFileType = text.plist.xml; path = "GoogleService-Info.plist"; sourceTree = "<group>"; };
		008FBA172A19FC0D00797EE6 /* UIImage+TFLite.swift */ = {isa = PBXFileReference; fileEncoding = 4; lastKnownFileType = sourcecode.swift; path = "UIImage+TFLite.swift"; sourceTree = "<group>"; };
		008FBA182A19FC0D00797EE6 /* MLKitViewController.swift */ = {isa = PBXFileReference; fileEncoding = 4; lastKnownFileType = sourcecode.swift; path = MLKitViewController.swift; sourceTree = "<group>"; };
		008FBA192A19FC0D00797EE6 /* SwiftMlkitPlugin.swift */ = {isa = PBXFileReference; fileEncoding = 4; lastKnownFileType = sourcecode.swift; path = SwiftMlkitPlugin.swift; sourceTree = "<group>"; };
		008FBA1A2A19FC0D00797EE6 /* DetectViewModel.swift */ = {isa = PBXFileReference; fileEncoding = 4; lastKnownFileType = sourcecode.swift; path = DetectViewModel.swift; sourceTree = "<group>"; };
		008FBA1B2A19FC0D00797EE6 /* MLKitViewController.xib */ = {isa = PBXFileReference; fileEncoding = 4; lastKnownFileType = file.xib; path = MLKitViewController.xib; sourceTree = "<group>"; };
		008FBA212A19FE2D00797EE6 /* Mobikul_Magento2V3_App_Mobikul_Info.plist */ = {isa = PBXFileReference; fileEncoding = 4; lastKnownFileType = text.plist.xml; path = Mobikul_Magento2V3_App_Mobikul_Info.plist; sourceTree = "<group>"; };
		008FBA232A1A076200797EE6 /* Runner.entitlements */ = {isa = PBXFileReference; lastKnownFileType = text.plist.entitlements; path = Runner.entitlements; sourceTree = "<group>"; };
		008FBA342A1A0B4E00797EE6 /* NotificationService.swift */ = {isa = PBXFileReference; lastKnownFileType = sourcecode.swift; path = NotificationService.swift; sourceTree = "<group>"; };
		008FBA362A1A0B4E00797EE6 /* Info.plist */ = {isa = PBXFileReference; lastKnownFileType = text.plist.xml; path = Info.plist; sourceTree = "<group>"; };
		1498D2321E8E86230040F4C2 /* GeneratedPluginRegistrant.h */ = {isa = PBXFileReference; lastKnownFileType = sourcecode.c.h; path = GeneratedPluginRegistrant.h; sourceTree = "<group>"; };
		1498D2331E8E89220040F4C2 /* GeneratedPluginRegistrant.m */ = {isa = PBXFileReference; fileEncoding = 4; lastKnownFileType = sourcecode.c.objc; path = GeneratedPluginRegistrant.m; sourceTree = "<group>"; };
		3B3967151E833CAA004F5970 /* AppFrameworkInfo.plist */ = {isa = PBXFileReference; fileEncoding = 4; lastKnownFileType = text.plist.xml; name = AppFrameworkInfo.plist; path = Flutter/AppFrameworkInfo.plist; sourceTree = "<group>"; };
		44A59A872B7A27CB005DF7C7 /* SwiftKeychainWrapper.framework */ = {isa = PBXFileReference; explicitFileType = wrapper.framework; path = SwiftKeychainWrapper.framework; sourceTree = BUILT_PRODUCTS_DIR; };
		44A59A8C2B7A28B2005DF7C7 /* FirebaseCore.framework */ = {isa = PBXFileReference; explicitFileType = wrapper.framework; path = FirebaseCore.framework; sourceTree = BUILT_PRODUCTS_DIR; };
		44E81A922CF73AE100E80552 /* PaymentViewController.swift */ = {isa = PBXFileReference; lastKnownFileType = sourcecode.swift; path = PaymentViewController.swift; sourceTree = "<group>"; };
		44E81A932CF73AE100E80552 /* PaymentViewController.xib */ = {isa = PBXFileReference; lastKnownFileType = file.xib; path = PaymentViewController.xib; sourceTree = "<group>"; };
		44F002482B6290C000790802 /* FBSDKLoginKit.xcframework */ = {isa = PBXFileReference; lastKnownFileType = wrapper.xcframework; name = FBSDKLoginKit.xcframework; path = Pods/FBSDKLoginKit/XCFrameworks/FBSDKLoginKit.xcframework; sourceTree = "<group>"; };
		44F0024D2B6298AC00790802 /* firebase_core.framework */ = {isa = PBXFileReference; explicitFileType = wrapper.framework; path = firebase_core.framework; sourceTree = BUILT_PRODUCTS_DIR; };
		63280A4B8FCF5CD4EFAD9857 /* Pods_Runner.framework */ = {isa = PBXFileReference; explicitFileType = wrapper.framework; includeInIndex = 0; path = Pods_Runner.framework; sourceTree = BUILT_PRODUCTS_DIR; };
		74858FAD1ED2DC5600515810 /* Runner-Bridging-Header.h */ = {isa = PBXFileReference; lastKnownFileType = sourcecode.c.h; path = "Runner-Bridging-Header.h"; sourceTree = "<group>"; };
		74858FAE1ED2DC5600515810 /* AppDelegate.swift */ = {isa = PBXFileReference; fileEncoding = 4; lastKnownFileType = sourcecode.swift; path = AppDelegate.swift; sourceTree = "<group>"; };
		7AFA3C8E1D35360C0083082E /* Release.xcconfig */ = {isa = PBXFileReference; lastKnownFileType = text.xcconfig; name = Release.xcconfig; path = Flutter/Release.xcconfig; sourceTree = "<group>"; };
		9740EEB21CF90195004384FC /* Debug.xcconfig */ = {isa = PBXFileReference; fileEncoding = 4; lastKnownFileType = text.xcconfig; name = Debug.xcconfig; path = Flutter/Debug.xcconfig; sourceTree = "<group>"; };
		9740EEB31CF90195004384FC /* Generated.xcconfig */ = {isa = PBXFileReference; fileEncoding = 4; lastKnownFileType = text.xcconfig; name = Generated.xcconfig; path = Flutter/Generated.xcconfig; sourceTree = "<group>"; };
		97C146EE1CF9000F007C117D /* Runner.app */ = {isa = PBXFileReference; explicitFileType = wrapper.application; includeInIndex = 0; path = Runner.app; sourceTree = BUILT_PRODUCTS_DIR; };
		97C146FB1CF9000F007C117D /* Base */ = {isa = PBXFileReference; lastKnownFileType = file.storyboard; name = Base; path = Base.lproj/Main.storyboard; sourceTree = "<group>"; };
		97C146FD1CF9000F007C117D /* Assets.xcassets */ = {isa = PBXFileReference; lastKnownFileType = folder.assetcatalog; path = Assets.xcassets; sourceTree = "<group>"; };
		97C147001CF9000F007C117D /* Base */ = {isa = PBXFileReference; lastKnownFileType = file.storyboard; name = Base; path = Base.lproj/LaunchScreen.storyboard; sourceTree = "<group>"; };
		97C147021CF9000F007C117D /* Info.plist */ = {isa = PBXFileReference; lastKnownFileType = text.plist.xml; path = Info.plist; sourceTree = "<group>"; };
		BA811CF02A1CB2030000E59D /* Classes */ = {isa = PBXFileReference; lastKnownFileType = folder; path = Classes; sourceTree = "<group>"; };
		DAA3EE5E527908FF6086422C /* Pods-Runner.release.xcconfig */ = {isa = PBXFileReference; includeInIndex = 1; lastKnownFileType = text.xcconfig; name = "Pods-Runner.release.xcconfig"; path = "Target Support Files/Pods-Runner/Pods-Runner.release.xcconfig"; sourceTree = "<group>"; };
		E15A5A0E649A80D32D30038D /* Pods-Runner.debug.xcconfig */ = {isa = PBXFileReference; includeInIndex = 1; lastKnownFileType = text.xcconfig; name = "Pods-Runner.debug.xcconfig"; path = "Target Support Files/Pods-Runner/Pods-Runner.debug.xcconfig"; sourceTree = "<group>"; };
		FA6E00C93B2A8B1157113429 /* Pods-Runner.profile.xcconfig */ = {isa = PBXFileReference; includeInIndex = 1; lastKnownFileType = text.xcconfig; name = "Pods-Runner.profile.xcconfig"; path = "Target Support Files/Pods-Runner/Pods-Runner.profile.xcconfig"; sourceTree = "<group>"; };
/* End PBXFileReference section */

/* Begin PBXFrameworksBuildPhase section */
		97C146EB1CF9000F007C117D /* Frameworks */ = {
			isa = PBXFrameworksBuildPhase;
			buildActionMask = 2147483647;
			files = (
				44A993622AD02F820090149D /* FBAEMKit.xcframework in Frameworks */,
				44A59A842B7A278C005DF7C7 /* FBSDKLoginKit.xcframework in Frameworks */,
				BCEA72B42F4BC4B5964D23C6 /* Pods_Runner.framework in Frameworks */,
			);
			runOnlyForDeploymentPostprocessing = 0;
		};
/* End PBXFrameworksBuildPhase section */

/* Begin PBXGroup section */
		008FBA332A1A0B4E00797EE6 /* Mobikul Single App Notification Widget */ = {
			isa = PBXGroup;
			children = (
				008FBA342A1A0B4E00797EE6 /* NotificationService.swift */,
				008FBA362A1A0B4E00797EE6 /* Info.plist */,
			);
			path = "Mobikul Single App Notification Widget";
			sourceTree = "<group>";
		};
		58F0029B0D2B7B6E936BB93B /* Frameworks */ = {
			isa = PBXGroup;
			children = (
				44A59A8C2B7A28B2005DF7C7 /* FirebaseCore.framework */,
				44A59A872B7A27CB005DF7C7 /* SwiftKeychainWrapper.framework */,
				44F0024D2B6298AC00790802 /* firebase_core.framework */,
				44F002482B6290C000790802 /* FBSDKLoginKit.xcframework */,
				008FBA122A19FAB500797EE6 /* FBAEMKit.xcframework */,
				63280A4B8FCF5CD4EFAD9857 /* Pods_Runner.framework */,
			);
			name = Frameworks;
			sourceTree = "<group>";
		};
		9740EEB11CF90186004384FC /* Flutter */ = {
			isa = PBXGroup;
			children = (
				3B3967151E833CAA004F5970 /* AppFrameworkInfo.plist */,
				9740EEB21CF90195004384FC /* Debug.xcconfig */,
				7AFA3C8E1D35360C0083082E /* Release.xcconfig */,
				9740EEB31CF90195004384FC /* Generated.xcconfig */,
			);
			name = Flutter;
			sourceTree = "<group>";
		};
		97C146E51CF9000F007C117D = {
			isa = PBXGroup;
			children = (
				008FBA212A19FE2D00797EE6 /* Mobikul_Magento2V3_App_Mobikul_Info.plist */,
				008FBA152A19FBAD00797EE6 /* GoogleService-Info.plist */,
				9740EEB11CF90186004384FC /* Flutter */,
				97C146F01CF9000F007C117D /* Runner */,
				008FBA332A1A0B4E00797EE6 /* Mobikul Single App Notification Widget */,
				97C146EF1CF9000F007C117D /* Products */,
				B5FA5C1094EC07677A1C1036 /* Pods */,
				58F0029B0D2B7B6E936BB93B /* Frameworks */,
			);
			sourceTree = "<group>";
		};
		97C146EF1CF9000F007C117D /* Products */ = {
			isa = PBXGroup;
			children = (
				97C146EE1CF9000F007C117D /* Runner.app */,
			);
			name = Products;
			sourceTree = "<group>";
		};
		97C146F01CF9000F007C117D /* Runner */ = {
			isa = PBXGroup;
			children = (
				BA811CF02A1CB2030000E59D /* Classes */,
				008FBA232A1A076200797EE6 /* Runner.entitlements */,
				008FBA1A2A19FC0D00797EE6 /* DetectViewModel.swift */,
				008FBA182A19FC0D00797EE6 /* MLKitViewController.swift */,
				008FBA1B2A19FC0D00797EE6 /* MLKitViewController.xib */,
				008FBA192A19FC0D00797EE6 /* SwiftMlkitPlugin.swift */,
				008FBA172A19FC0D00797EE6 /* UIImage+TFLite.swift */,
				97C146FA1CF9000F007C117D /* Main.storyboard */,
				97C146FD1CF9000F007C117D /* Assets.xcassets */,
				97C146FF1CF9000F007C117D /* LaunchScreen.storyboard */,
				97C147021CF9000F007C117D /* Info.plist */,
				1498D2321E8E86230040F4C2 /* GeneratedPluginRegistrant.h */,
				1498D2331E8E89220040F4C2 /* GeneratedPluginRegistrant.m */,
				74858FAE1ED2DC5600515810 /* AppDelegate.swift */,
				74858FAD1ED2DC5600515810 /* Runner-Bridging-Header.h */,
				44E81A922CF73AE100E80552 /* PaymentViewController.swift */,
				44E81A932CF73AE100E80552 /* PaymentViewController.xib */,
			);
			path = Runner;
			sourceTree = "<group>";
		};
		B5FA5C1094EC07677A1C1036 /* Pods */ = {
			isa = PBXGroup;
			children = (
				E15A5A0E649A80D32D30038D /* Pods-Runner.debug.xcconfig */,
				DAA3EE5E527908FF6086422C /* Pods-Runner.release.xcconfig */,
				FA6E00C93B2A8B1157113429 /* Pods-Runner.profile.xcconfig */,
			);
			path = Pods;
			sourceTree = "<group>";
		};
/* End PBXGroup section */

/* Begin PBXNativeTarget section */
		97C146ED1CF9000F007C117D /* Runner */ = {
			isa = PBXNativeTarget;
			buildConfigurationList = 97C147051CF9000F007C117D /* Build configuration list for PBXNativeTarget "Runner" */;
			buildPhases = (
				5A28F3E986B02FEA6795B7E7 /* [CP] Check Pods Manifest.lock */,
				9740EEB61CF901F6004384FC /* Run Script */,
				97C146EA1CF9000F007C117D /* Sources */,
				97C146EB1CF9000F007C117D /* Frameworks */,
				97C146EC1CF9000F007C117D /* Resources */,
				008FBA3E2A1A0B4E00797EE6 /* Embed Foundation Extensions */,
				3B06AD1E1E4923F5004D2608 /* Thin Binary */,
				EDBECD6AE418ECFD38B308E3 /* [CP] Embed Pods Frameworks */,
				05E1F631F32A93C8CF6C1669 /* [CP] Copy Pods Resources */,
			);
			buildRules = (
			);
			dependencies = (
			);
			name = Runner;
			productName = Runner;
			productReference = 97C146EE1CF9000F007C117D /* Runner.app */;
			productType = "com.apple.product-type.application";
		};
/* End PBXNativeTarget section */

/* Begin PBXProject section */
		97C146E61CF9000F007C117D /* Project object */ = {
			isa = PBXProject;
			attributes = {
				LastSwiftUpdateCheck = 1420;
				LastUpgradeCheck = 1510;
				ORGANIZATIONNAME = "";
				TargetAttributes = {
					97C146ED1CF9000F007C117D = {
						CreatedOnToolsVersion = 7.3.1;
						LastSwiftMigration = 1100;
					};
				};
			};
			buildConfigurationList = 97C146E91CF9000F007C117D /* Build configuration list for PBXProject "Runner" */;
			compatibilityVersion = "Xcode 9.3";
			developmentRegion = en;
			hasScannedForEncodings = 0;
			knownRegions = (
				en,
				Base,
			);
			mainGroup = 97C146E51CF9000F007C117D;
			productRefGroup = 97C146EF1CF9000F007C117D /* Products */;
			projectDirPath = "";
			projectRoot = "";
			targets = (
				97C146ED1CF9000F007C117D /* Runner */,
			);
		};
/* End PBXProject section */

/* Begin PBXResourcesBuildPhase section */
		97C146EC1CF9000F007C117D /* Resources */ = {
			isa = PBXResourcesBuildPhase;
			buildActionMask = 2147483647;
			files = (
				97C147011CF9000F007C117D /* LaunchScreen.storyboard in Resources */,
				3B3967161E833CAA004F5970 /* AppFrameworkInfo.plist in Resources */,
				BA811CF12A1CB2040000E59D /* Classes in Resources */,
				008FBA202A19FC0D00797EE6 /* MLKitViewController.xib in Resources */,
				008FBA162A19FBAD00797EE6 /* GoogleService-Info.plist in Resources */,
				97C146FE1CF9000F007C117D /* Assets.xcassets in Resources */,
				97C146FC1CF9000F007C117D /* Main.storyboard in Resources */,
				44E81A952CF73AE100E80552 /* PaymentViewController.xib in Resources */,
			);
			runOnlyForDeploymentPostprocessing = 0;
		};
/* End PBXResourcesBuildPhase section */

/* Begin PBXShellScriptBuildPhase section */
		05E1F631F32A93C8CF6C1669 /* [CP] Copy Pods Resources */ = {
			isa = PBXShellScriptBuildPhase;
			buildActionMask = 2147483647;
			files = (
			);
			inputFileListPaths = (
				"${PODS_ROOT}/Target Support Files/Pods-Runner/Pods-Runner-resources-${CONFIGURATION}-input-files.xcfilelist",
			);
			name = "[CP] Copy Pods Resources";
			outputFileListPaths = (
				"${PODS_ROOT}/Target Support Files/Pods-Runner/Pods-Runner-resources-${CONFIGURATION}-output-files.xcfilelist",
			);
			runOnlyForDeploymentPostprocessing = 0;
			shellPath = /bin/sh;
			shellScript = "\"${PODS_ROOT}/Target Support Files/Pods-Runner/Pods-Runner-resources.sh\"\n";
			showEnvVarsInLog = 0;
		};
		3B06AD1E1E4923F5004D2608 /* Thin Binary */ = {
			isa = PBXShellScriptBuildPhase;
			alwaysOutOfDate = 1;
			buildActionMask = 2147483647;
			files = (
			);
			inputPaths = (
				"${TARGET_BUILD_DIR}/${INFOPLIST_PATH}",
			);
			name = "Thin Binary";
			outputPaths = (
			);
			runOnlyForDeploymentPostprocessing = 0;
			shellPath = /bin/sh;
			shellScript = "/bin/sh \"$FLUTTER_ROOT/packages/flutter_tools/bin/xcode_backend.sh\" embed_and_thin\n";
		};
		5A28F3E986B02FEA6795B7E7 /* [CP] Check Pods Manifest.lock */ = {
			isa = PBXShellScriptBuildPhase;
			buildActionMask = 2147483647;
			files = (
			);
			inputFileListPaths = (
			);
			inputPaths = (
				"${PODS_PODFILE_DIR_PATH}/Podfile.lock",
				"${PODS_ROOT}/Manifest.lock",
			);
			name = "[CP] Check Pods Manifest.lock";
			outputFileListPaths = (
			);
			outputPaths = (
				"$(DERIVED_FILE_DIR)/Pods-Runner-checkManifestLockResult.txt",
			);
			runOnlyForDeploymentPostprocessing = 0;
			shellPath = /bin/sh;
			shellScript = "diff \"${PODS_PODFILE_DIR_PATH}/Podfile.lock\" \"${PODS_ROOT}/Manifest.lock\" > /dev/null\nif [ $? != 0 ] ; then\n    # print error to STDERR\n    echo \"error: The sandbox is not in sync with the Podfile.lock. Run 'pod install' or update your CocoaPods installation.\" >&2\n    exit 1\nfi\n# This output is used by Xcode 'outputs' to avoid re-running this script phase.\necho \"SUCCESS\" > \"${SCRIPT_OUTPUT_FILE_0}\"\n";
			showEnvVarsInLog = 0;
		};
		9740EEB61CF901F6004384FC /* Run Script */ = {
			isa = PBXShellScriptBuildPhase;
			alwaysOutOfDate = 1;
			buildActionMask = 2147483647;
			files = (
			);
			inputPaths = (
			);
			name = "Run Script";
			outputPaths = (
			);
			runOnlyForDeploymentPostprocessing = 0;
			shellPath = /bin/sh;
			shellScript = "/bin/sh \"$FLUTTER_ROOT/packages/flutter_tools/bin/xcode_backend.sh\" build";
		};
		EDBECD6AE418ECFD38B308E3 /* [CP] Embed Pods Frameworks */ = {
			isa = PBXShellScriptBuildPhase;
			buildActionMask = 2147483647;
			files = (
			);
			inputFileListPaths = (
				"${PODS_ROOT}/Target Support Files/Pods-Runner/Pods-Runner-frameworks-${CONFIGURATION}-input-files.xcfilelist",
			);
			name = "[CP] Embed Pods Frameworks";
			outputFileListPaths = (
				"${PODS_ROOT}/Target Support Files/Pods-Runner/Pods-Runner-frameworks-${CONFIGURATION}-output-files.xcfilelist",
			);
			runOnlyForDeploymentPostprocessing = 0;
			shellPath = /bin/sh;
			shellScript = "\"${PODS_ROOT}/Target Support Files/Pods-Runner/Pods-Runner-frameworks.sh\"\n";
			showEnvVarsInLog = 0;
		};
/* End PBXShellScriptBuildPhase section */

/* Begin PBXSourcesBuildPhase section */
		97C146EA1CF9000F007C117D /* Sources */ = {
			isa = PBXSourcesBuildPhase;
			buildActionMask = 2147483647;
			files = (
				44E81A942CF73AE100E80552 /* PaymentViewController.swift in Sources */,
				008FBA1D2A19FC0D00797EE6 /* MLKitViewController.swift in Sources */,
				008FBA1F2A19FC0D00797EE6 /* DetectViewModel.swift in Sources */,
				008FBA1E2A19FC0D00797EE6 /* SwiftMlkitPlugin.swift in Sources */,
				74858FAF1ED2DC5600515810 /* AppDelegate.swift in Sources */,
				008FBA1C2A19FC0D00797EE6 /* UIImage+TFLite.swift in Sources */,
				1498D2341E8E89220040F4C2 /* GeneratedPluginRegistrant.m in Sources */,
			);
			runOnlyForDeploymentPostprocessing = 0;
		};
/* End PBXSourcesBuildPhase section */

/* Begin PBXVariantGroup section */
		97C146FA1CF9000F007C117D /* Main.storyboard */ = {
			isa = PBXVariantGroup;
			children = (
				97C146FB1CF9000F007C117D /* Base */,
			);
			name = Main.storyboard;
			sourceTree = "<group>";
		};
		97C146FF1CF9000F007C117D /* LaunchScreen.storyboard */ = {
			isa = PBXVariantGroup;
			children = (
				97C147001CF9000F007C117D /* Base */,
			);
			name = LaunchScreen.storyboard;
			sourceTree = "<group>";
		};
/* End PBXVariantGroup section */

/* Begin XCBuildConfiguration section */
		249021D3217E4FDB00AE95B9 /* Profile */ = {
			isa = XCBuildConfiguration;
			buildSettings = {
				ALWAYS_SEARCH_USER_PATHS = NO;
				CLANG_ANALYZER_NONNULL = YES;
				CLANG_CXX_LANGUAGE_STANDARD = "gnu++0x";
				CLANG_CXX_LIBRARY = "libc++";
				CLANG_ENABLE_MODULES = YES;
				CLANG_ENABLE_OBJC_ARC = YES;
				CLANG_WARN_BLOCK_CAPTURE_AUTORELEASING = YES;
				CLANG_WARN_BOOL_CONVERSION = YES;
				CLANG_WARN_COMMA = YES;
				CLANG_WARN_CONSTANT_CONVERSION = YES;
				CLANG_WARN_DEPRECATED_OBJC_IMPLEMENTATIONS = YES;
				CLANG_WARN_DIRECT_OBJC_ISA_USAGE = YES_ERROR;
				CLANG_WARN_EMPTY_BODY = YES;
				CLANG_WARN_ENUM_CONVERSION = YES;
				CLANG_WARN_INFINITE_RECURSION = YES;
				CLANG_WARN_INT_CONVERSION = YES;
				CLANG_WARN_NON_LITERAL_NULL_CONVERSION = YES;
				CLANG_WARN_OBJC_IMPLICIT_RETAIN_SELF = YES;
				CLANG_WARN_OBJC_LITERAL_CONVERSION = YES;
				CLANG_WARN_OBJC_ROOT_CLASS = YES_ERROR;
				CLANG_WARN_RANGE_LOOP_ANALYSIS = YES;
				CLANG_WARN_STRICT_PROTOTYPES = YES;
				CLANG_WARN_SUSPICIOUS_MOVE = YES;
				CLANG_WARN_UNREACHABLE_CODE = YES;
				CLANG_WARN__DUPLICATE_METHOD_MATCH = YES;
				"CODE_SIGN_IDENTITY[sdk=iphoneos*]" = "iPhone Developer";
				COPY_PHASE_STRIP = NO;
				DEBUG_INFORMATION_FORMAT = "dwarf-with-dsym";
				ENABLE_NS_ASSERTIONS = NO;
				ENABLE_STRICT_OBJC_MSGSEND = YES;
				GCC_C_LANGUAGE_STANDARD = gnu99;
				GCC_NO_COMMON_BLOCKS = YES;
				GCC_WARN_64_TO_32_BIT_CONVERSION = YES;
				GCC_WARN_ABOUT_RETURN_TYPE = YES_ERROR;
				GCC_WARN_UNDECLARED_SELECTOR = YES;
				GCC_WARN_UNINITIALIZED_AUTOS = YES_AGGRESSIVE;
				GCC_WARN_UNUSED_FUNCTION = YES;
				GCC_WARN_UNUSED_VARIABLE = YES;
				IPHONEOS_DEPLOYMENT_TARGET = 13.0;
				MTL_ENABLE_DEBUG_INFO = NO;
				SDKROOT = iphoneos;
				SUPPORTED_PLATFORMS = iphoneos;
				TARGETED_DEVICE_FAMILY = "1,2";
				VALIDATE_PRODUCT = YES;
			};
			name = Profile;
		};
		249021D4217E4FDB00AE95B9 /* Profile */ = {
			isa = XCBuildConfiguration;
			baseConfigurationReference = 7AFA3C8E1D35360C0083082E /* Release.xcconfig */;
			buildSettings = {
				ALWAYS_EMBED_SWIFT_STANDARD_LIBRARIES = YES;
				ASSETCATALOG_COMPILER_APPICON_NAME = AppIcon;
				CLANG_ENABLE_MODULES = YES;
				CODE_SIGN_ENTITLEMENTS = Runner/Runner.entitlements;
				CODE_SIGN_IDENTITY = "Apple Development";
				CODE_SIGN_STYLE = Automatic;
				CURRENT_PROJECT_VERSION = 1.0;
				DEVELOPMENT_TEAM = X78N35ZK8F;
				ENABLE_BITCODE = NO;
				"EXCLUDED_ARCHS[sdk=iphonesimulator*]" = "i386 arm64";
				FLUTTER_BUILD_NAME = 1.5.6;
				FLUTTER_BUILD_NUMBER = 1.0;
				FRAMEWORK_SEARCH_PATHS = (
					"$(inherited)",
					"\"${PODS_CONFIGURATION_BUILD_DIR}/AppAuth\"",
					"\"${PODS_CONFIGURATION_BUILD_DIR}/DKImagePickerController\"",
					"\"${PODS_CONFIGURATION_BUILD_DIR}/DKPhotoGallery\"",
					"\"${PODS_CONFIGURATION_BUILD_DIR}/FMDB\"",
					"\"${PODS_CONFIGURATION_BUILD_DIR}/FirebaseCore\"",
					"\"${PODS_CONFIGURATION_BUILD_DIR}/FirebaseCoreDiagnostics\"",
					"\"${PODS_CONFIGURATION_BUILD_DIR}/FirebaseCoreInternal\"",
					"\"${PODS_CONFIGURATION_BUILD_DIR}/FirebaseDatabase\"",
					"\"${PODS_CONFIGURATION_BUILD_DIR}/FirebaseInstallations\"",
					"\"${PODS_CONFIGURATION_BUILD_DIR}/FirebaseMessaging\"",
					"\"${PODS_CONFIGURATION_BUILD_DIR}/GTMAppAuth\"",
					"\"${PODS_CONFIGURATION_BUILD_DIR}/GTMSessionFetcher\"",
					"\"${PODS_CONFIGURATION_BUILD_DIR}/GoogleDataTransport\"",
					"\"${PODS_CONFIGURATION_BUILD_DIR}/GoogleSignIn\"",
					"\"${PODS_CONFIGURATION_BUILD_DIR}/GoogleToolboxForMac\"",
					"\"${PODS_CONFIGURATION_BUILD_DIR}/GoogleUtilitiesComponents\"",
					"\"${PODS_CONFIGURATION_BUILD_DIR}/MTBBarcodeScanner\"",
					"\"${PODS_CONFIGURATION_BUILD_DIR}/PromisesObjC\"",
					"\"${PODS_CONFIGURATION_BUILD_DIR}/ReachabilitySwift\"",
					"\"${PODS_CONFIGURATION_BUILD_DIR}/SDWebImage\"",
					"\"${PODS_CONFIGURATION_BUILD_DIR}/SwiftKeychainWrapper\"",
					"\"${PODS_CONFIGURATION_BUILD_DIR}/SwiftyGif\"",
					"\"${PODS_CONFIGURATION_BUILD_DIR}/Try\"",
					"\"${PODS_CONFIGURATION_BUILD_DIR}/connectivity_plus\"",
					"\"${PODS_CONFIGURATION_BUILD_DIR}/device_info_plus\"",
					"\"${PODS_CONFIGURATION_BUILD_DIR}/downloads_path_provider_28\"",
					"\"${PODS_CONFIGURATION_BUILD_DIR}/file_picker\"",
					"\"${PODS_CONFIGURATION_BUILD_DIR}/file_saver\"",
					"\"${PODS_CONFIGURATION_BUILD_DIR}/firebase_core\"",
					"\"${PODS_CONFIGURATION_BUILD_DIR}/firebase_database\"",
					"\"${PODS_CONFIGURATION_BUILD_DIR}/firebase_messaging\"",
					"\"${PODS_CONFIGURATION_BUILD_DIR}/flutter_barcode_scanner\"",
					"\"${PODS_CONFIGURATION_BUILD_DIR}/flutter_exif_rotation\"",
					"\"${PODS_CONFIGURATION_BUILD_DIR}/flutter_local_notifications\"",
					"\"${PODS_CONFIGURATION_BUILD_DIR}/flutter_login_facebook\"",
					"\"${PODS_CONFIGURATION_BUILD_DIR}/flutter_share\"",
					"\"${PODS_CONFIGURATION_BUILD_DIR}/geocoding_ios\"",
					"\"${PODS_CONFIGURATION_BUILD_DIR}/google_maps_flutter_ios\"",
					"\"${PODS_CONFIGURATION_BUILD_DIR}/google_sign_in_ios\"",
					"\"${PODS_CONFIGURATION_BUILD_DIR}/image_picker_ios\"",
					"\"${PODS_CONFIGURATION_BUILD_DIR}/leveldb-library\"",
					"\"${PODS_CONFIGURATION_BUILD_DIR}/local_auth_ios\"",
					"\"${PODS_CONFIGURATION_BUILD_DIR}/location\"",
					"\"${PODS_CONFIGURATION_BUILD_DIR}/nanopb\"",
					"\"${PODS_CONFIGURATION_BUILD_DIR}/open_file\"",
					"\"${PODS_CONFIGURATION_BUILD_DIR}/package_info_plus\"",
					"\"${PODS_CONFIGURATION_BUILD_DIR}/path_provider_foundation\"",
					"\"${PODS_CONFIGURATION_BUILD_DIR}/permission_handler_apple\"",
					"\"${PODS_CONFIGURATION_BUILD_DIR}/qr_code_scanner\"",
					"\"${PODS_CONFIGURATION_BUILD_DIR}/shared_preferences_foundation\"",
					"\"${PODS_CONFIGURATION_BUILD_DIR}/speech_to_text\"",
					"\"${PODS_CONFIGURATION_BUILD_DIR}/sqflite\"",
					"\"${PODS_CONFIGURATION_BUILD_DIR}/url_launcher_ios\"",
					"\"${PODS_CONFIGURATION_BUILD_DIR}/webview_flutter_wkwebview\"",
					"\"${PODS_ROOT}/FBAEMKit/XCFrameworks\"",
					"\"${PODS_ROOT}/FBSDKCoreKit/XCFrameworks\"",
					"\"${PODS_ROOT}/FBSDKCoreKit_Basics/XCFrameworks\"",
					"\"${PODS_ROOT}/FBSDKLoginKit/XCFrameworks\"",
					"\"${PODS_ROOT}/FirebaseAnalytics/Frameworks/frameworks\"",
					"\"${PODS_ROOT}/FirebaseInstanceID/Frameworks\"",
					"\"${PODS_ROOT}/Google-Mobile-Ads-SDK/Frameworks\"",
					"\"${PODS_ROOT}/GoogleInterchangeUtilities/Frameworks/frameworks\"",
					"\"${PODS_ROOT}/GoogleMaps/Base/Frameworks\"",
					"\"${PODS_ROOT}/GoogleMaps/Maps/Frameworks\"",
					"\"${PODS_ROOT}/GoogleSymbolUtilities/Frameworks/frameworks\"",
					"\"${PODS_ROOT}/GoogleUtilities/Frameworks/frameworks\"",
					"\"${PODS_ROOT}/MLImage/Frameworks\"",
					"\"${PODS_ROOT}/MLKitCommon/Frameworks\"",
					"\"${PODS_ROOT}/MLKitImageLabeling/Frameworks\"",
					"\"${PODS_ROOT}/MLKitImageLabelingCommon/Frameworks\"",
					"\"${PODS_ROOT}/MLKitImageLabelingCustom/Frameworks\"",
					"\"${PODS_ROOT}/MLKitObjectDetectionCommon/Frameworks\"",
					"\"${PODS_ROOT}/MLKitTextRecognition/Frameworks\"",
					"\"${PODS_ROOT}/MLKitTextRecognitionCommon/Frameworks\"",
					"\"${PODS_ROOT}/MLKitVision/Frameworks\"",
					"\"${PODS_ROOT}/MLKitVisionKit/Frameworks\"",
					"\"${PODS_XCFRAMEWORKS_BUILD_DIR}/FBAEMKit\"",
					"\"${PODS_XCFRAMEWORKS_BUILD_DIR}/FBSDKCoreKit\"",
					"\"${PODS_XCFRAMEWORKS_BUILD_DIR}/FBSDKCoreKit_Basics\"",
					"\"${PODS_XCFRAMEWORKS_BUILD_DIR}/FBSDKLoginKit\"",
					"$(SRCROOT)",
				);
				INFOPLIST_FILE = Runner/Info.plist;
				INFOPLIST_KEY_CFBundleDisplayName = Waynik;
				IPHONEOS_DEPLOYMENT_TARGET = 15.6;
				LD_RUNPATH_SEARCH_PATHS = (
					"$(inherited)",
					"@executable_path/Frameworks",
				);
				MARKETING_VERSION = 1.5.6;
				PRODUCT_BUNDLE_IDENTIFIER = com.waynik.app;
				PRODUCT_NAME = "$(TARGET_NAME)";
				PROVISIONING_PROFILE_SPECIFIER = "";
				SWIFT_OBJC_BRIDGING_HEADER = "Runner/Runner-Bridging-Header.h";
				SWIFT_VERSION = 5.0;
				VERSIONING_SYSTEM = "apple-generic";
			};
			name = Profile;
		};
		97C147031CF9000F007C117D /* Debug */ = {
			isa = XCBuildConfiguration;
			buildSettings = {
				ALWAYS_SEARCH_USER_PATHS = NO;
				CLANG_ANALYZER_NONNULL = YES;
				CLANG_CXX_LANGUAGE_STANDARD = "gnu++0x";
				CLANG_CXX_LIBRARY = "libc++";
				CLANG_ENABLE_MODULES = YES;
				CLANG_ENABLE_OBJC_ARC = YES;
				CLANG_WARN_BLOCK_CAPTURE_AUTORELEASING = YES;
				CLANG_WARN_BOOL_CONVERSION = YES;
				CLANG_WARN_COMMA = YES;
				CLANG_WARN_CONSTANT_CONVERSION = YES;
				CLANG_WARN_DEPRECATED_OBJC_IMPLEMENTATIONS = YES;
				CLANG_WARN_DIRECT_OBJC_ISA_USAGE = YES_ERROR;
				CLANG_WARN_EMPTY_BODY = YES;
				CLANG_WARN_ENUM_CONVERSION = YES;
				CLANG_WARN_INFINITE_RECURSION = YES;
				CLANG_WARN_INT_CONVERSION = YES;
				CLANG_WARN_NON_LITERAL_NULL_CONVERSION = YES;
				CLANG_WARN_OBJC_IMPLICIT_RETAIN_SELF = YES;
				CLANG_WARN_OBJC_LITERAL_CONVERSION = YES;
				CLANG_WARN_OBJC_ROOT_CLASS = YES_ERROR;
				CLANG_WARN_RANGE_LOOP_ANALYSIS = YES;
				CLANG_WARN_STRICT_PROTOTYPES = YES;
				CLANG_WARN_SUSPICIOUS_MOVE = YES;
				CLANG_WARN_UNREACHABLE_CODE = YES;
				CLANG_WARN__DUPLICATE_METHOD_MATCH = YES;
				"CODE_SIGN_IDENTITY[sdk=iphoneos*]" = "iPhone Developer";
				COPY_PHASE_STRIP = NO;
				DEBUG_INFORMATION_FORMAT = dwarf;
				ENABLE_STRICT_OBJC_MSGSEND = YES;
				ENABLE_TESTABILITY = YES;
				GCC_C_LANGUAGE_STANDARD = gnu99;
				GCC_DYNAMIC_NO_PIC = NO;
				GCC_NO_COMMON_BLOCKS = YES;
				GCC_OPTIMIZATION_LEVEL = 0;
				GCC_PREPROCESSOR_DEFINITIONS = (
					"DEBUG=1",
					"$(inherited)",
				);
				GCC_WARN_64_TO_32_BIT_CONVERSION = YES;
				GCC_WARN_ABOUT_RETURN_TYPE = YES_ERROR;
				GCC_WARN_UNDECLARED_SELECTOR = YES;
				GCC_WARN_UNINITIALIZED_AUTOS = YES_AGGRESSIVE;
				GCC_WARN_UNUSED_FUNCTION = YES;
				GCC_WARN_UNUSED_VARIABLE = YES;
				IPHONEOS_DEPLOYMENT_TARGET = 13.0;
				MTL_ENABLE_DEBUG_INFO = YES;
				ONLY_ACTIVE_ARCH = YES;
				SDKROOT = iphoneos;
				TARGETED_DEVICE_FAMILY = "1,2";
			};
			name = Debug;
		};
		97C147041CF9000F007C117D /* Release */ = {
			isa = XCBuildConfiguration;
			buildSettings = {
				ALWAYS_SEARCH_USER_PATHS = NO;
				CLANG_ANALYZER_NONNULL = YES;
				CLANG_CXX_LANGUAGE_STANDARD = "gnu++0x";
				CLANG_CXX_LIBRARY = "libc++";
				CLANG_ENABLE_MODULES = YES;
				CLANG_ENABLE_OBJC_ARC = YES;
				CLANG_WARN_BLOCK_CAPTURE_AUTORELEASING = YES;
				CLANG_WARN_BOOL_CONVERSION = YES;
				CLANG_WARN_COMMA = YES;
				CLANG_WARN_CONSTANT_CONVERSION = YES;
				CLANG_WARN_DEPRECATED_OBJC_IMPLEMENTATIONS = YES;
				CLANG_WARN_DIRECT_OBJC_ISA_USAGE = YES_ERROR;
				CLANG_WARN_EMPTY_BODY = YES;
				CLANG_WARN_ENUM_CONVERSION = YES;
				CLANG_WARN_INFINITE_RECURSION = YES;
				CLANG_WARN_INT_CONVERSION = YES;
				CLANG_WARN_NON_LITERAL_NULL_CONVERSION = YES;
				CLANG_WARN_OBJC_IMPLICIT_RETAIN_SELF = YES;
				CLANG_WARN_OBJC_LITERAL_CONVERSION = YES;
				CLANG_WARN_OBJC_ROOT_CLASS = YES_ERROR;
				CLANG_WARN_RANGE_LOOP_ANALYSIS = YES;
				CLANG_WARN_STRICT_PROTOTYPES = YES;
				CLANG_WARN_SUSPICIOUS_MOVE = YES;
				CLANG_WARN_UNREACHABLE_CODE = YES;
				CLANG_WARN__DUPLICATE_METHOD_MATCH = YES;
				"CODE_SIGN_IDENTITY[sdk=iphoneos*]" = "iPhone Developer";
				COPY_PHASE_STRIP = NO;
				DEBUG_INFORMATION_FORMAT = "dwarf-with-dsym";
				ENABLE_NS_ASSERTIONS = NO;
				ENABLE_STRICT_OBJC_MSGSEND = YES;
				GCC_C_LANGUAGE_STANDARD = gnu99;
				GCC_NO_COMMON_BLOCKS = YES;
				GCC_WARN_64_TO_32_BIT_CONVERSION = YES;
				GCC_WARN_ABOUT_RETURN_TYPE = YES_ERROR;
				GCC_WARN_UNDECLARED_SELECTOR = YES;
				GCC_WARN_UNINITIALIZED_AUTOS = YES_AGGRESSIVE;
				GCC_WARN_UNUSED_FUNCTION = YES;
				GCC_WARN_UNUSED_VARIABLE = YES;
				IPHONEOS_DEPLOYMENT_TARGET = 13.0;
				MTL_ENABLE_DEBUG_INFO = NO;
				SDKROOT = iphoneos;
				SUPPORTED_PLATFORMS = iphoneos;
				SWIFT_COMPILATION_MODE = wholemodule;
				SWIFT_OPTIMIZATION_LEVEL = "-O";
				TARGETED_DEVICE_FAMILY = "1,2";
				VALIDATE_PRODUCT = YES;
			};
			name = Release;
		};
		97C147061CF9000F007C117D /* Debug */ = {
			isa = XCBuildConfiguration;
			baseConfigurationReference = 9740EEB21CF90195004384FC /* Debug.xcconfig */;
			buildSettings = {
				ALWAYS_EMBED_SWIFT_STANDARD_LIBRARIES = YES;
				ASSETCATALOG_COMPILER_APPICON_NAME = AppIcon;
				CLANG_ENABLE_MODULES = YES;
				CODE_SIGN_ENTITLEMENTS = Runner/Runner.entitlements;
				CODE_SIGN_IDENTITY = "Apple Development";
				CODE_SIGN_STYLE = Automatic;
				CURRENT_PROJECT_VERSION = 1.0;
				DEVELOPMENT_TEAM = X78N35ZK8F;
				ENABLE_BITCODE = NO;
				"EXCLUDED_ARCHS[sdk=iphonesimulator*]" = "i386 arm64";
				FLUTTER_BUILD_NAME = 1.5.6;
				FLUTTER_BUILD_NUMBER = 1.0;
				FRAMEWORK_SEARCH_PATHS = (
					"$(inherited)",
					"\"${PODS_CONFIGURATION_BUILD_DIR}/AppAuth\"",
					"\"${PODS_CONFIGURATION_BUILD_DIR}/DKImagePickerController\"",
					"\"${PODS_CONFIGURATION_BUILD_DIR}/DKPhotoGallery\"",
					"\"${PODS_CONFIGURATION_BUILD_DIR}/FMDB\"",
					"\"${PODS_CONFIGURATION_BUILD_DIR}/FirebaseCore\"",
					"\"${PODS_CONFIGURATION_BUILD_DIR}/FirebaseCoreDiagnostics\"",
					"\"${PODS_CONFIGURATION_BUILD_DIR}/FirebaseCoreInternal\"",
					"\"${PODS_CONFIGURATION_BUILD_DIR}/FirebaseDatabase\"",
					"\"${PODS_CONFIGURATION_BUILD_DIR}/FirebaseInstallations\"",
					"\"${PODS_CONFIGURATION_BUILD_DIR}/FirebaseMessaging\"",
					"\"${PODS_CONFIGURATION_BUILD_DIR}/GTMAppAuth\"",
					"\"${PODS_CONFIGURATION_BUILD_DIR}/GTMSessionFetcher\"",
					"\"${PODS_CONFIGURATION_BUILD_DIR}/GoogleDataTransport\"",
					"\"${PODS_CONFIGURATION_BUILD_DIR}/GoogleSignIn\"",
					"\"${PODS_CONFIGURATION_BUILD_DIR}/GoogleToolboxForMac\"",
					"\"${PODS_CONFIGURATION_BUILD_DIR}/GoogleUtilitiesComponents\"",
					"\"${PODS_CONFIGURATION_BUILD_DIR}/MTBBarcodeScanner\"",
					"\"${PODS_CONFIGURATION_BUILD_DIR}/PromisesObjC\"",
					"\"${PODS_CONFIGURATION_BUILD_DIR}/ReachabilitySwift\"",
					"\"${PODS_CONFIGURATION_BUILD_DIR}/SDWebImage\"",
					"\"${PODS_CONFIGURATION_BUILD_DIR}/SwiftKeychainWrapper\"",
					"\"${PODS_CONFIGURATION_BUILD_DIR}/SwiftyGif\"",
					"\"${PODS_CONFIGURATION_BUILD_DIR}/Try\"",
					"\"${PODS_CONFIGURATION_BUILD_DIR}/connectivity_plus\"",
					"\"${PODS_CONFIGURATION_BUILD_DIR}/device_info_plus\"",
					"\"${PODS_CONFIGURATION_BUILD_DIR}/downloads_path_provider_28\"",
					"\"${PODS_CONFIGURATION_BUILD_DIR}/file_picker\"",
					"\"${PODS_CONFIGURATION_BUILD_DIR}/file_saver\"",
					"\"${PODS_CONFIGURATION_BUILD_DIR}/firebase_core\"",
					"\"${PODS_CONFIGURATION_BUILD_DIR}/firebase_database\"",
					"\"${PODS_CONFIGURATION_BUILD_DIR}/firebase_messaging\"",
					"\"${PODS_CONFIGURATION_BUILD_DIR}/flutter_barcode_scanner\"",
					"\"${PODS_CONFIGURATION_BUILD_DIR}/flutter_exif_rotation\"",
					"\"${PODS_CONFIGURATION_BUILD_DIR}/flutter_local_notifications\"",
					"\"${PODS_CONFIGURATION_BUILD_DIR}/flutter_login_facebook\"",
					"\"${PODS_CONFIGURATION_BUILD_DIR}/flutter_share\"",
					"\"${PODS_CONFIGURATION_BUILD_DIR}/geocoding_ios\"",
					"\"${PODS_CONFIGURATION_BUILD_DIR}/google_maps_flutter_ios\"",
					"\"${PODS_CONFIGURATION_BUILD_DIR}/google_sign_in_ios\"",
					"\"${PODS_CONFIGURATION_BUILD_DIR}/image_picker_ios\"",
					"\"${PODS_CONFIGURATION_BUILD_DIR}/leveldb-library\"",
					"\"${PODS_CONFIGURATION_BUILD_DIR}/local_auth_ios\"",
					"\"${PODS_CONFIGURATION_BUILD_DIR}/location\"",
					"\"${PODS_CONFIGURATION_BUILD_DIR}/nanopb\"",
					"\"${PODS_CONFIGURATION_BUILD_DIR}/open_file\"",
					"\"${PODS_CONFIGURATION_BUILD_DIR}/package_info_plus\"",
					"\"${PODS_CONFIGURATION_BUILD_DIR}/path_provider_foundation\"",
					"\"${PODS_CONFIGURATION_BUILD_DIR}/permission_handler_apple\"",
					"\"${PODS_CONFIGURATION_BUILD_DIR}/qr_code_scanner\"",
					"\"${PODS_CONFIGURATION_BUILD_DIR}/shared_preferences_foundation\"",
					"\"${PODS_CONFIGURATION_BUILD_DIR}/speech_to_text\"",
					"\"${PODS_CONFIGURATION_BUILD_DIR}/sqflite\"",
					"\"${PODS_CONFIGURATION_BUILD_DIR}/url_launcher_ios\"",
					"\"${PODS_CONFIGURATION_BUILD_DIR}/webview_flutter_wkwebview\"",
					"\"${PODS_ROOT}/FBAEMKit/XCFrameworks\"",
					"\"${PODS_ROOT}/FBSDKCoreKit/XCFrameworks\"",
					"\"${PODS_ROOT}/FBSDKCoreKit_Basics/XCFrameworks\"",
					"\"${PODS_ROOT}/FBSDKLoginKit/XCFrameworks\"",
					"\"${PODS_ROOT}/FirebaseAnalytics/Frameworks/frameworks\"",
					"\"${PODS_ROOT}/FirebaseInstanceID/Frameworks\"",
					"\"${PODS_ROOT}/Google-Mobile-Ads-SDK/Frameworks\"",
					"\"${PODS_ROOT}/GoogleInterchangeUtilities/Frameworks/frameworks\"",
					"\"${PODS_ROOT}/GoogleMaps/Base/Frameworks\"",
					"\"${PODS_ROOT}/GoogleMaps/Maps/Frameworks\"",
					"\"${PODS_ROOT}/GoogleSymbolUtilities/Frameworks/frameworks\"",
					"\"${PODS_ROOT}/GoogleUtilities/Frameworks/frameworks\"",
					"\"${PODS_ROOT}/MLImage/Frameworks\"",
					"\"${PODS_ROOT}/MLKitCommon/Frameworks\"",
					"\"${PODS_ROOT}/MLKitImageLabeling/Frameworks\"",
					"\"${PODS_ROOT}/MLKitImageLabelingCommon/Frameworks\"",
					"\"${PODS_ROOT}/MLKitImageLabelingCustom/Frameworks\"",
					"\"${PODS_ROOT}/MLKitObjectDetectionCommon/Frameworks\"",
					"\"${PODS_ROOT}/MLKitTextRecognition/Frameworks\"",
					"\"${PODS_ROOT}/MLKitTextRecognitionCommon/Frameworks\"",
					"\"${PODS_ROOT}/MLKitVision/Frameworks\"",
					"\"${PODS_ROOT}/MLKitVisionKit/Frameworks\"",
					"\"${PODS_XCFRAMEWORKS_BUILD_DIR}/FBAEMKit\"",
					"\"${PODS_XCFRAMEWORKS_BUILD_DIR}/FBSDKCoreKit\"",
					"\"${PODS_XCFRAMEWORKS_BUILD_DIR}/FBSDKCoreKit_Basics\"",
					"\"${PODS_XCFRAMEWORKS_BUILD_DIR}/FBSDKLoginKit\"",
					"$(SRCROOT)",
				);
				INFOPLIST_FILE = Runner/Info.plist;
				INFOPLIST_KEY_CFBundleDisplayName = Waynik;
				IPHONEOS_DEPLOYMENT_TARGET = 15.6;
				LD_RUNPATH_SEARCH_PATHS = (
					"$(inherited)",
					"@executable_path/Frameworks",
				);
				MARKETING_VERSION = 1.5.6;
				PRODUCT_BUNDLE_IDENTIFIER = com.waynik.app;
				PRODUCT_NAME = "$(TARGET_NAME)";
				PROVISIONING_PROFILE_SPECIFIER = "";
				SWIFT_OBJC_BRIDGING_HEADER = "Runner/Runner-Bridging-Header.h";
				SWIFT_OPTIMIZATION_LEVEL = "-Onone";
				SWIFT_VERSION = 5.0;
				VERSIONING_SYSTEM = "apple-generic";
			};
			name = Debug;
		};
		97C147071CF9000F007C117D /* Release */ = {
			isa = XCBuildConfiguration;
			baseConfigurationReference = 7AFA3C8E1D35360C0083082E /* Release.xcconfig */;
			buildSettings = {
				ALWAYS_EMBED_SWIFT_STANDARD_LIBRARIES = YES;
				ASSETCATALOG_COMPILER_APPICON_NAME = AppIcon;
				CLANG_ENABLE_MODULES = YES;
				CODE_SIGN_ENTITLEMENTS = Runner/Runner.entitlements;
				CODE_SIGN_IDENTITY = "Apple Development";
				CODE_SIGN_STYLE = Automatic;
				CURRENT_PROJECT_VERSION = 1.0;
				DEVELOPMENT_TEAM = X78N35ZK8F;
				ENABLE_BITCODE = NO;
				"EXCLUDED_ARCHS[sdk=iphonesimulator*]" = "i386 arm64";
				FLUTTER_BUILD_NAME = 1.5.6;
				FLUTTER_BUILD_NUMBER = 1.0;
				FRAMEWORK_SEARCH_PATHS = (
					"$(inherited)",
					"\"${PODS_CONFIGURATION_BUILD_DIR}/AppAuth\"",
					"\"${PODS_CONFIGURATION_BUILD_DIR}/DKImagePickerController\"",
					"\"${PODS_CONFIGURATION_BUILD_DIR}/DKPhotoGallery\"",
					"\"${PODS_CONFIGURATION_BUILD_DIR}/FMDB\"",
					"\"${PODS_CONFIGURATION_BUILD_DIR}/FirebaseCore\"",
					"\"${PODS_CONFIGURATION_BUILD_DIR}/FirebaseCoreDiagnostics\"",
					"\"${PODS_CONFIGURATION_BUILD_DIR}/FirebaseCoreInternal\"",
					"\"${PODS_CONFIGURATION_BUILD_DIR}/FirebaseDatabase\"",
					"\"${PODS_CONFIGURATION_BUILD_DIR}/FirebaseInstallations\"",
					"\"${PODS_CONFIGURATION_BUILD_DIR}/FirebaseMessaging\"",
					"\"${PODS_CONFIGURATION_BUILD_DIR}/GTMAppAuth\"",
					"\"${PODS_CONFIGURATION_BUILD_DIR}/GTMSessionFetcher\"",
					"\"${PODS_CONFIGURATION_BUILD_DIR}/GoogleDataTransport\"",
					"\"${PODS_CONFIGURATION_BUILD_DIR}/GoogleSignIn\"",
					"\"${PODS_CONFIGURATION_BUILD_DIR}/GoogleToolboxForMac\"",
					"\"${PODS_CONFIGURATION_BUILD_DIR}/GoogleUtilitiesComponents\"",
					"\"${PODS_CONFIGURATION_BUILD_DIR}/MTBBarcodeScanner\"",
					"\"${PODS_CONFIGURATION_BUILD_DIR}/PromisesObjC\"",
					"\"${PODS_CONFIGURATION_BUILD_DIR}/ReachabilitySwift\"",
					"\"${PODS_CONFIGURATION_BUILD_DIR}/SDWebImage\"",
					"\"${PODS_CONFIGURATION_BUILD_DIR}/SwiftKeychainWrapper\"",
					"\"${PODS_CONFIGURATION_BUILD_DIR}/SwiftyGif\"",
					"\"${PODS_CONFIGURATION_BUILD_DIR}/Try\"",
					"\"${PODS_CONFIGURATION_BUILD_DIR}/connectivity_plus\"",
					"\"${PODS_CONFIGURATION_BUILD_DIR}/device_info_plus\"",
					"\"${PODS_CONFIGURATION_BUILD_DIR}/downloads_path_provider_28\"",
					"\"${PODS_CONFIGURATION_BUILD_DIR}/file_picker\"",
					"\"${PODS_CONFIGURATION_BUILD_DIR}/file_saver\"",
					"\"${PODS_CONFIGURATION_BUILD_DIR}/firebase_core\"",
					"\"${PODS_CONFIGURATION_BUILD_DIR}/firebase_database\"",
					"\"${PODS_CONFIGURATION_BUILD_DIR}/firebase_messaging\"",
					"\"${PODS_CONFIGURATION_BUILD_DIR}/flutter_barcode_scanner\"",
					"\"${PODS_CONFIGURATION_BUILD_DIR}/flutter_exif_rotation\"",
					"\"${PODS_CONFIGURATION_BUILD_DIR}/flutter_local_notifications\"",
					"\"${PODS_CONFIGURATION_BUILD_DIR}/flutter_login_facebook\"",
					"\"${PODS_CONFIGURATION_BUILD_DIR}/flutter_share\"",
					"\"${PODS_CONFIGURATION_BUILD_DIR}/geocoding_ios\"",
					"\"${PODS_CONFIGURATION_BUILD_DIR}/google_maps_flutter_ios\"",
					"\"${PODS_CONFIGURATION_BUILD_DIR}/google_sign_in_ios\"",
					"\"${PODS_CONFIGURATION_BUILD_DIR}/image_picker_ios\"",
					"\"${PODS_CONFIGURATION_BUILD_DIR}/leveldb-library\"",
					"\"${PODS_CONFIGURATION_BUILD_DIR}/local_auth_ios\"",
					"\"${PODS_CONFIGURATION_BUILD_DIR}/location\"",
					"\"${PODS_CONFIGURATION_BUILD_DIR}/nanopb\"",
					"\"${PODS_CONFIGURATION_BUILD_DIR}/open_file\"",
					"\"${PODS_CONFIGURATION_BUILD_DIR}/package_info_plus\"",
					"\"${PODS_CONFIGURATION_BUILD_DIR}/path_provider_foundation\"",
					"\"${PODS_CONFIGURATION_BUILD_DIR}/permission_handler_apple\"",
					"\"${PODS_CONFIGURATION_BUILD_DIR}/qr_code_scanner\"",
					"\"${PODS_CONFIGURATION_BUILD_DIR}/shared_preferences_foundation\"",
					"\"${PODS_CONFIGURATION_BUILD_DIR}/speech_to_text\"",
					"\"${PODS_CONFIGURATION_BUILD_DIR}/sqflite\"",
					"\"${PODS_CONFIGURATION_BUILD_DIR}/url_launcher_ios\"",
					"\"${PODS_CONFIGURATION_BUILD_DIR}/webview_flutter_wkwebview\"",
					"\"${PODS_ROOT}/FBAEMKit/XCFrameworks\"",
					"\"${PODS_ROOT}/FBSDKCoreKit/XCFrameworks\"",
					"\"${PODS_ROOT}/FBSDKCoreKit_Basics/XCFrameworks\"",
					"\"${PODS_ROOT}/FBSDKLoginKit/XCFrameworks\"",
					"\"${PODS_ROOT}/FirebaseAnalytics/Frameworks/frameworks\"",
					"\"${PODS_ROOT}/FirebaseInstanceID/Frameworks\"",
					"\"${PODS_ROOT}/Google-Mobile-Ads-SDK/Frameworks\"",
					"\"${PODS_ROOT}/GoogleInterchangeUtilities/Frameworks/frameworks\"",
					"\"${PODS_ROOT}/GoogleMaps/Base/Frameworks\"",
					"\"${PODS_ROOT}/GoogleMaps/Maps/Frameworks\"",
					"\"${PODS_ROOT}/GoogleSymbolUtilities/Frameworks/frameworks\"",
					"\"${PODS_ROOT}/GoogleUtilities/Frameworks/frameworks\"",
					"\"${PODS_ROOT}/MLImage/Frameworks\"",
					"\"${PODS_ROOT}/MLKitCommon/Frameworks\"",
					"\"${PODS_ROOT}/MLKitImageLabeling/Frameworks\"",
					"\"${PODS_ROOT}/MLKitImageLabelingCommon/Frameworks\"",
					"\"${PODS_ROOT}/MLKitImageLabelingCustom/Frameworks\"",
					"\"${PODS_ROOT}/MLKitObjectDetectionCommon/Frameworks\"",
					"\"${PODS_ROOT}/MLKitTextRecognition/Frameworks\"",
					"\"${PODS_ROOT}/MLKitTextRecognitionCommon/Frameworks\"",
					"\"${PODS_ROOT}/MLKitVision/Frameworks\"",
					"\"${PODS_ROOT}/MLKitVisionKit/Frameworks\"",
					"\"${PODS_XCFRAMEWORKS_BUILD_DIR}/FBAEMKit\"",
					"\"${PODS_XCFRAMEWORKS_BUILD_DIR}/FBSDKCoreKit\"",
					"\"${PODS_XCFRAMEWORKS_BUILD_DIR}/FBSDKCoreKit_Basics\"",
					"\"${PODS_XCFRAMEWORKS_BUILD_DIR}/FBSDKLoginKit\"",
					"$(SRCROOT)",
				);
				INFOPLIST_FILE = Runner/Info.plist;
				INFOPLIST_KEY_CFBundleDisplayName = Waynik;
				IPHONEOS_DEPLOYMENT_TARGET = 15.6;
				LD_RUNPATH_SEARCH_PATHS = (
					"$(inherited)",
					"@executable_path/Frameworks",
				);
				MARKETING_VERSION = 1.5.6;
				PRODUCT_BUNDLE_IDENTIFIER = com.waynik.app;
				PRODUCT_NAME = "$(TARGET_NAME)";
				PROVISIONING_PROFILE_SPECIFIER = "";
				SWIFT_OBJC_BRIDGING_HEADER = "Runner/Runner-Bridging-Header.h";
				SWIFT_VERSION = 5.0;
				VERSIONING_SYSTEM = "apple-generic";
			};
			name = Release;
		};
/* End XCBuildConfiguration section */

/* Begin XCConfigurationList section */
		97C146E91CF9000F007C117D /* Build configuration list for PBXProject "Runner" */ = {
			isa = XCConfigurationList;
			buildConfigurations = (
				97C147031CF9000F007C117D /* Debug */,
				97C147041CF9000F007C117D /* Release */,
				249021D3217E4FDB00AE95B9 /* Profile */,
			);
			defaultConfigurationIsVisible = 0;
			defaultConfigurationName = Release;
		};
		97C147051CF9000F007C117D /* Build configuration list for PBXNativeTarget "Runner" */ = {
			isa = XCConfigurationList;
			buildConfigurations = (
				97C147061CF9000F007C117D /* Debug */,
				97C147071CF9000F007C117D /* Release */,
				249021D4217E4FDB00AE95B9 /* Profile */,
			);
			defaultConfigurationIsVisible = 0;
			defaultConfigurationName = Release;
		};
/* End XCConfigurationList section */
	};
	rootObject = 97C146E61CF9000F007C117D /* Project object */;
}
